
Microsoft Visual Studio Solution File, Format Version 12.00
# Visual Studio Version 18
VisualStudioVersion = 18.7.11919.86
MinimumVisualStudioVersion = 10.0.40219.1
Project("{FAE04EC0-301F-11D3-BF4B-00C04F79EFBC}") = "GraphQL.NET", "GraphQL.NET\GraphQL.NET.csproj", "{702F64C7-212B-2538-CE14-5C7145E159C9}"
EndProject
Project("{FAE04EC0-301F-11D3-BF4B-00C04F79EFBC}") = "BasicAPITests", "BasicAPITests\BasicAPITests.csproj", "{2F1852E8-B04D-4899-8CD9-CD35B3D28047}"
EndProject
Global
	GlobalSection(SolutionConfigurationPlatforms) = preSolution
		Debug|Any CPU = Debug|Any CPU
		Release|Any CPU = Release|Any CPU
	EndGlobalSection
	GlobalSection(ProjectConfigurationPlatforms) = postSolution
		{702F64C7-212B-2538-CE14-5C7145E159C9}.Debug|Any CPU.ActiveCfg = Debug|Any CPU
		{702F64C7-212B-2538-CE14-5C7145E159C9}.Debug|Any CPU.Build.0 = Debug|Any CPU
		{702F64C7-212B-2538-CE14-5C7145E159C9}.Release|Any CPU.ActiveCfg = Release|Any CPU
		{702F64C7-212B-2538-CE14-5C7145E159C9}.Release|Any CPU.Build.0 = Release|Any CPU
		{2F1852E8-B04D-4899-8CD9-CD35B3D28047}.Debug|Any CPU.ActiveCfg = Debug|Any CPU
		{2F1852E8-B04D-4899-8CD9-CD35B3D28047}.Debug|Any CPU.Build.0 = Debug|Any CPU
		{2F1852E8-B04D-4899-8CD9-CD35B3D28047}.Release|Any CPU.ActiveCfg = Release|Any CPU
		{2F1852E8-B04D-4899-8CD9-CD35B3D28047}.Release|Any CPU.Build.0 = Release|Any CPU
	EndGlobalSection
	GlobalSection(SolutionProperties) = preSolution
		HideSolutionNode = FALSE
	EndGlobalSection
EndGlobal
